
Microsoft Visual Studio Solution File, Format Version 12.00
# Visual Studio Version 17
VisualStudioVersion = 17.4.33103.184
MinimumVisualStudioVersion = 10.0.40219.1
Project("{9A19103F-16F7-4668-BE54-9A1E7A4F7556}") = "MusicBroadcast", "MusicBroadcast\MusicBroadcast.csproj", "{CF3CF032-2195-4384-A36D-0F47FCDC5062}"
EndProject
Project("{2150E333-8FDC-42A3-9474-1A3956D46DE8}") = "Solution Items", "Solution Items", "{4B9FB813-ECC9-46E7-9DB0-0649DA936084}"
EndProject
Global
	GlobalSection(SolutionConfigurationPlatforms) = preSolution
		Debug|Any CPU = Debug|Any CPU
		Release|Any CPU = Release|Any CPU
	EndGlobalSection
	GlobalSection(ProjectConfigurationPlatforms) = postSolution
		{CF3CF032-2195-4384-A36D-0F47FCDC5062}.Debug|Any CPU.ActiveCfg = Debug|Any CPU
		{CF3CF032-2195-4384-A36D-0F47FCDC5062}.Debug|Any CPU.Build.0 = Debug|Any CPU
		{CF3CF032-2195-4384-A36D-0F47FCDC5062}.Release|Any CPU.ActiveCfg = Release|Any CPU
		{CF3CF032-2195-4384-A36D-0F47FCDC5062}.Release|Any CPU.Build.0 = Release|Any CPU
	EndGlobalSection
	GlobalSection(SolutionProperties) = preSolution
		HideSolutionNode = FALSE
	EndGlobalSection
	GlobalSection(ExtensibilityGlobals) = postSolution
		SolutionGuid = {2197CBA0-1B68-4BDE-B6C2-3C034973E4BF}
	EndGlobalSection
EndGlobal
